// !$*UTF8*$!
{
	archiveVersion = 1;
	classes = {
	};
	objectVersion = 77;
	objects = {

/* Begin PBXBuildFile section */
		00EA6FB58CBBC50057F4A2E2 /* AppRouter.swift in Sources */ = {isa = PBXBuildFile; fileRef = 9D069FD433FB93CF0A1C66F4 /* AppRouter.swift */; };
		056B4D47D1554F9644B01567 /* VoiceController.swift in Sources */ = {isa = PBXBuildFile; fileRef = EAAF5B9943A1B66D6FF4FB3C /* VoiceController.swift */; };
		06AE543DAA319B00BE8C1835 /* GoogleSpeech.swift in Sources */ = {isa = PBXBuildFile; fileRef = 3EBEE8650545308064AC12A2 /* GoogleSpeech.swift */; };
		0A5836A5A1F3DA8300E3D733 /* UILayout.swift in Sources */ = {isa = PBXBuildFile; fileRef = EA70AFBD008C3F2AAAD3F4DA /* UILayout.swift */; };
		0FE0B2203DA64B33E546F393 /* EdgeGlow.swift in Sources */ = {isa = PBXBuildFile; fileRef = CA5EE10DEB42E034DC91B4A2 /* EdgeGlow.swift */; };
		183431CEFA7E4D97C53952BD /* LaunchBackdrop.swift in Sources */ = {isa = PBXBuildFile; fileRef = 74CD44DEDFC7E2C7AAE649F1 /* LaunchBackdrop.swift */; };
		212D2A651EE045225234EB43 /* DoneBanner.swift in Sources */ = {isa = PBXBuildFile; fileRef = C2249AA5388624D12B6B6EF8 /* DoneBanner.swift */; };
		29608578BC11AD2752CC40FD /* SoundPlayer.swift in Sources */ = {isa = PBXBuildFile; fileRef = 5CEBCABAF164410E96E13023 /* SoundPlayer.swift */; };
		349BC74CF7EC0967C6ABF46F /* LaunchBlobsView.swift in Sources */ = {isa = PBXBuildFile; fileRef = EB347B68858B7CB3E1D8B5EF /* LaunchBlobsView.swift */; };
		396F086C0CF63D9C88BD8EBF /* Color+Hex.swift in Sources */ = {isa = PBXBuildFile; fileRef = BA4F50A5F9CAF8EB220F61B3 /* Color+Hex.swift */; };
		3BB6461F7E4FBB67EABFD789 /* KillSwitch.swift in Sources */ = {isa = PBXBuildFile; fileRef = 03F7F899D222D5F05BB333DD /* KillSwitch.swift */; };
		431D33E93EAB2E0D5463F2B0 /* FileWatcher.swift in Sources */ = {isa = PBXBuildFile; fileRef = DD7A7CCCA05D8FA32ACCFF72 /* FileWatcher.swift */; };
		486AF1900FDA6A9633F566DA /* enter.mp3 in Resources */ = {isa = PBXBuildFile; fileRef = 1892B9DF8E09632A6C7AC14F /* enter.mp3 */; };
		4B7D2F709EF153B7ED5B02FD /* AppChromeBar.swift in Sources */ = {isa = PBXBuildFile; fileRef = F82F492D381182E0EE2A44BA /* AppChromeBar.swift */; };
		50349A6F36C24EDB38724B12 /* SpotlightView.swift in Sources */ = {isa = PBXBuildFile; fileRef = 8A850458E38A42D3EC0AC36E /* SpotlightView.swift */; };
		570CC50826C4531AA41CB8D7 /* AgentRunRecord.swift in Sources */ = {isa = PBXBuildFile; fileRef = 9C798E0E3784C6EA4C77A040 /* AgentRunRecord.swift */; };
		59D4D1B52862A61B669C7190 /* LiquidGlass.swift in Sources */ = {isa = PBXBuildFile; fileRef = 55B951B012E95739BF6F355D /* LiquidGlass.swift */; };
		5EF8A633E3739EACF8A7AB57 /* LaunchOrb.swift in Sources */ = {isa = PBXBuildFile; fileRef = 3684AD1E7C27E9AF7D7694AE /* LaunchOrb.swift */; };
		5FB2A16A6428C4D798D7EBA0 /* WorkspaceMonitor.swift in Sources */ = {isa = PBXBuildFile; fileRef = 0B86EC4D31512E3212C6605C /* WorkspaceMonitor.swift */; };
		6288D7616BB488699A9C0430 /* AgentController.swift in Sources */ = {isa = PBXBuildFile; fileRef = 03D95B4207C0A344197E2FF8 /* AgentController.swift */; };
		66A1A7C987ECF9B8642C12F5 /* AgentStatusBus.swift in Sources */ = {isa = PBXBuildFile; fileRef = EA63356B176A586DBB19722B /* AgentStatusBus.swift */; };
		69DA4103FF8B524F99DD5A3B /* MicRecorder.swift in Sources */ = {isa = PBXBuildFile; fileRef = F50F4661A7AA396F9B346E75 /* MicRecorder.swift */; };
		6A1C471A1484B83750B34683 /* ChatView.swift in Sources */ = {isa = PBXBuildFile; fileRef = 798888136F3708A12FED1754 /* ChatView.swift */; };
		6BCF97A573F34542C6C3E33E /* AgentTranscript.swift in Sources */ = {isa = PBXBuildFile; fileRef = 62F0DAD4ED5681A6BF676DE9 /* AgentTranscript.swift */; };
		730CDD59A3C26E52C6330BAD /* AccessibilityTrust.swift in Sources */ = {isa = PBXBuildFile; fileRef = 8BB2028565B930F9D21DB217 /* AccessibilityTrust.swift */; };
		7EC3FC0FDAC18532A87F1334 /* AsteriskBurst.swift in Sources */ = {isa = PBXBuildFile; fileRef = 7110B9703A844A2A9959E461 /* AsteriskBurst.swift */; };
		7FE425BB03C9EE26996B9A0D /* HotkeyMonitor.swift in Sources */ = {isa = PBXBuildFile; fileRef = 46A558D5AC0692A4E0401F03 /* HotkeyMonitor.swift */; };
		8D6EB1CF9D50153BDE9DEE2B /* AgentLoop.swift in Sources */ = {isa = PBXBuildFile; fileRef = D30E10DA1986A407F779FB78 /* AgentLoop.swift */; };
		98F80AC02738D49704B857B9 /* URLSchemeHandler.swift in Sources */ = {isa = PBXBuildFile; fileRef = F6234A70A69EA2C1F8DC069A /* URLSchemeHandler.swift */; };
		9C7EB764461F745FCFEA50D4 /* Persistence.swift in Sources */ = {isa = PBXBuildFile; fileRef = BC5C15C17AE947AC0627405D /* Persistence.swift */; };
		9D4AE20CAC9E160F7BFED031 /* Keychain.swift in Sources */ = {isa = PBXBuildFile; fileRef = 49D3581883E9C02A57988A5E /* Keychain.swift */; };
		9D718FBB11CFE75B34289AC2 /* IthurielClient.swift in Sources */ = {isa = PBXBuildFile; fileRef = 2162B4839D2F7A24D56EA4F3 /* IthurielClient.swift */; };
		9EFE39CA017033BEDE3733F1 /* UserPrefs.swift in Sources */ = {isa = PBXBuildFile; fileRef = 6D1D911182FB411A12A15707 /* UserPrefs.swift */; };
		A2B1D919BDF0E42E495A0144 /* SpotlightCoordinator.swift in Sources */ = {isa = PBXBuildFile; fileRef = D6CA51D12EC02A6689DA2DD3 /* SpotlightCoordinator.swift */; };
		B1BORDER001AGENTOVERLAY01 /* AgentControlBorderOverlay.swift in Sources */ = {isa = PBXBuildFile; fileRef = B1BORDER002AGENTOVERLAY02 /* AgentControlBorderOverlay.swift */; };
		A6F04F6D57B4B795338C803E /* AppDetector.swift in Sources */ = {isa = PBXBuildFile; fileRef = 4427B751EB29646F6406CC73 /* AppDetector.swift */; };
		AD5E4DD4683664E7683BC63C /* InjectionEngine.swift in Sources */ = {isa = PBXBuildFile; fileRef = CE83920959D844A29A8407BB /* InjectionEngine.swift */; };
		B22DB30C0205989F22BCC49D /* ContextSnapshot.swift in Sources */ = {isa = PBXBuildFile; fileRef = 2A94C526A79A76B3B2E19BA7 /* ContextSnapshot.swift */; };
		B4FFE4F7119A81B820C365C1 /* PermissionsSettingsSection.swift in Sources */ = {isa = PBXBuildFile; fileRef = 204BCCE55881BB7B32DFDA95 /* PermissionsSettingsSection.swift */; };
		B8BAF90709D1E2A59B4173B4 /* ff.mp3 in Resources */ = {isa = PBXBuildFile; fileRef = A83CA26F2BAB365699021951 /* ff.mp3 */; };
		BC8742C2EBF128C647AB3CBB /* Redactor.swift in Sources */ = {isa = PBXBuildFile; fileRef = B429B1D7864246CC84E65365 /* Redactor.swift */; };
		BDCE41B20B1175357C14EB7A /* HowToView.swift in Sources */ = {isa = PBXBuildFile; fileRef = 87214B17B39813C77E861A0E /* HowToView.swift */; };
		C271D9DEF081B17832502493 /* Localizable.strings in Resources */ = {isa = PBXBuildFile; fileRef = 213FC4849EF6E0119C1C147D /* Localizable.strings */; };
		CB29A29CEB8BCFF86588FA31 /* ContextWebView.swift in Sources */ = {isa = PBXBuildFile; fileRef = 5579BBE16D251774BB910528 /* ContextWebView.swift */; };
		CD6F7F71367B04A8F2EE3062 /* AgentSpeaker.swift in Sources */ = {isa = PBXBuildFile; fileRef = 92021DBC0B300E353647494B /* AgentSpeaker.swift */; };
		D0C7891A616611BFAB3B470B /* ScreenCapture.swift in Sources */ = {isa = PBXBuildFile; fileRef = 74B07AA66411BAC8E55D2E12 /* ScreenCapture.swift */; };
		D44A7296D30208A351C740AA /* MenuBarManager.swift in Sources */ = {isa = PBXBuildFile; fileRef = 966AB7F69AC40F51B5F6BAF4 /* MenuBarManager.swift */; };
		D5C80F99F2F9760EC50E8ADD /* GeminiClient.swift in Sources */ = {isa = PBXBuildFile; fileRef = 7605591CD999D43F7A2A8EDB /* GeminiClient.swift */; };
		D730631EF80DDE18DA68EE24 /* SavedAgentRun.swift in Sources */ = {isa = PBXBuildFile; fileRef = 1DC48CB87E9887E0B8355C2B /* SavedAgentRun.swift */; };
		D827B5DBFBA89E10885C49E2 /* TerminalCapture.swift in Sources */ = {isa = PBXBuildFile; fileRef = 58F5ED6887679899168B411A /* TerminalCapture.swift */; };
		E5564585037A8ACAD2420E2B /* GitCapture.swift in Sources */ = {isa = PBXBuildFile; fileRef = 74DDA90FEEFA0BBCEF053ACF /* GitCapture.swift */; };
		E772905ED016CCA710DAC228 /* IthurielApp.swift in Sources */ = {isa = PBXBuildFile; fileRef = 516597D218E7C22D12578E08 /* IthurielApp.swift */; };
		E9F04B3AEADA318B6B2D2A17 /* AuthService.swift in Sources */ = {isa = PBXBuildFile; fileRef = 896FE25EBB3002E071FDB502 /* AuthService.swift */; };
		F101DBE84B21CD8128C0990E /* PermissionsManager.swift in Sources */ = {isa = PBXBuildFile; fileRef = 73CFC650F9BC81C34306D128 /* PermissionsManager.swift */; };
		F4E7879AA8C9815E2F84B2DD /* agent-done.mp3 in Resources */ = {isa = PBXBuildFile; fileRef = 00D600D3F50336DBD3ADB46A /* agent-done.mp3 */; };
		F5390D45F895BA4FCA73E957 /* Motion.swift in Sources */ = {isa = PBXBuildFile; fileRef = 14408B6A22B80B8942E8FC62 /* Motion.swift */; };
		F659D4D08DAA44F4DA843FC1 /* eshop.mp3 in Resources */ = {isa = PBXBuildFile; fileRef = A53B4709739097B5B90B9F2A /* eshop.mp3 */; };
		F71825B6A0F4DCCB026790AC /* ChatWindowController.swift in Sources */ = {isa = PBXBuildFile; fileRef = 2D44D95499CACE7017FC62EF /* ChatWindowController.swift */; };
		FA0ACE05EB5C7AE650F3895D /* SettingsView.swift in Sources */ = {isa = PBXBuildFile; fileRef = 6C1F917DEA75F51337BC698C /* SettingsView.swift */; };
/* End PBXBuildFile section */

/* Begin PBXFileReference section */
		00D600D3F50336DBD3ADB46A /* agent-done.mp3 */ = {isa = PBXFileReference; lastKnownFileType = audio.mp3; path = "agent-done.mp3"; sourceTree = "<group>"; };
		03D95B4207C0A344197E2FF8 /* AgentController.swift */ = {isa = PBXFileReference; lastKnownFileType = sourcecode.swift; path = AgentController.swift; sourceTree = "<group>"; };
		03F7F899D222D5F05BB333DD /* KillSwitch.swift */ = {isa = PBXFileReference; lastKnownFileType = sourcecode.swift; path = KillSwitch.swift; sourceTree = "<group>"; };
		095CFAD5BC1ECC4B766B1FCA /* Ithuriel.app */ = {isa = PBXFileReference; explicitFileType = wrapper.application; includeInIndex = 0; path = Ithuriel.app; sourceTree = BUILT_PRODUCTS_DIR; };
		0B86EC4D31512E3212C6605C /* WorkspaceMonitor.swift */ = {isa = PBXFileReference; lastKnownFileType = sourcecode.swift; path = WorkspaceMonitor.swift; sourceTree = "<group>"; };
		14408B6A22B80B8942E8FC62 /* Motion.swift */ = {isa = PBXFileReference; lastKnownFileType = sourcecode.swift; path = Motion.swift; sourceTree = "<group>"; };
		1892B9DF8E09632A6C7AC14F /* enter.mp3 */ = {isa = PBXFileReference; lastKnownFileType = audio.mp3; path = enter.mp3; sourceTree = "<group>"; };
		1DC48CB87E9887E0B8355C2B /* SavedAgentRun.swift */ = {isa = PBXFileReference; lastKnownFileType = sourcecode.swift; path = SavedAgentRun.swift; sourceTree = "<group>"; };
		204BCCE55881BB7B32DFDA95 /* PermissionsSettingsSection.swift */ = {isa = PBXFileReference; lastKnownFileType = sourcecode.swift; path = PermissionsSettingsSection.swift; sourceTree = "<group>"; };
		2162B4839D2F7A24D56EA4F3 /* IthurielClient.swift */ = {isa = PBXFileReference; lastKnownFileType = sourcecode.swift; path = IthurielClient.swift; sourceTree = "<group>"; };
		2A94C526A79A76B3B2E19BA7 /* ContextSnapshot.swift */ = {isa = PBXFileReference; lastKnownFileType = sourcecode.swift; path = ContextSnapshot.swift; sourceTree = "<group>"; };
		2D44D95499CACE7017FC62EF /* ChatWindowController.swift */ = {isa = PBXFileReference; lastKnownFileType = sourcecode.swift; path = ChatWindowController.swift; sourceTree = "<group>"; };
		3684AD1E7C27E9AF7D7694AE /* LaunchOrb.swift */ = {isa = PBXFileReference; lastKnownFileType = sourcecode.swift; path = LaunchOrb.swift; sourceTree = "<group>"; };
		3EBEE8650545308064AC12A2 /* GoogleSpeech.swift */ = {isa = PBXFileReference; lastKnownFileType = sourcecode.swift; path = GoogleSpeech.swift; sourceTree = "<group>"; };
		4427B751EB29646F6406CC73 /* AppDetector.swift */ = {isa = PBXFileReference; lastKnownFileType = sourcecode.swift; path = AppDetector.swift; sourceTree = "<group>"; };
		46A558D5AC0692A4E0401F03 /* HotkeyMonitor.swift */ = {isa = PBXFileReference; lastKnownFileType = sourcecode.swift; path = HotkeyMonitor.swift; sourceTree = "<group>"; };
		49D3581883E9C02A57988A5E /* Keychain.swift */ = {isa = PBXFileReference; lastKnownFileType = sourcecode.swift; path = Keychain.swift; sourceTree = "<group>"; };
		516597D218E7C22D12578E08 /* IthurielApp.swift */ = {isa = PBXFileReference; lastKnownFileType = sourcecode.swift; path = IthurielApp.swift; sourceTree = "<group>"; };
		5579BBE16D251774BB910528 /* ContextWebView.swift */ = {isa = PBXFileReference; lastKnownFileType = sourcecode.swift; path = ContextWebView.swift; sourceTree = "<group>"; };
		55B951B012E95739BF6F355D /* LiquidGlass.swift */ = {isa = PBXFileReference; lastKnownFileType = sourcecode.swift; path = LiquidGlass.swift; sourceTree = "<group>"; };
		58F5ED6887679899168B411A /* TerminalCapture.swift */ = {isa = PBXFileReference; lastKnownFileType = sourcecode.swift; path = TerminalCapture.swift; sourceTree = "<group>"; };
		5CEBCABAF164410E96E13023 /* SoundPlayer.swift */ = {isa = PBXFileReference; lastKnownFileType = sourcecode.swift; path = SoundPlayer.swift; sourceTree = "<group>"; };
		62F0DAD4ED5681A6BF676DE9 /* AgentTranscript.swift */ = {isa = PBXFileReference; lastKnownFileType = sourcecode.swift; path = AgentTranscript.swift; sourceTree = "<group>"; };
		6C1F917DEA75F51337BC698C /* SettingsView.swift */ = {isa = PBXFileReference; lastKnownFileType = sourcecode.swift; path = SettingsView.swift; sourceTree = "<group>"; };
		6D1D911182FB411A12A15707 /* UserPrefs.swift */ = {isa = PBXFileReference; lastKnownFileType = sourcecode.swift; path = UserPrefs.swift; sourceTree = "<group>"; };
		7110B9703A844A2A9959E461 /* AsteriskBurst.swift */ = {isa = PBXFileReference; lastKnownFileType = sourcecode.swift; path = AsteriskBurst.swift; sourceTree = "<group>"; };
		73CFC650F9BC81C34306D128 /* PermissionsManager.swift */ = {isa = PBXFileReference; lastKnownFileType = sourcecode.swift; path = PermissionsManager.swift; sourceTree = "<group>"; };
		74B07AA66411BAC8E55D2E12 /* ScreenCapture.swift */ = {isa = PBXFileReference; lastKnownFileType = sourcecode.swift; path = ScreenCapture.swift; sourceTree = "<group>"; };
		74CD44DEDFC7E2C7AAE649F1 /* LaunchBackdrop.swift */ = {isa = PBXFileReference; lastKnownFileType = sourcecode.swift; path = LaunchBackdrop.swift; sourceTree = "<group>"; };
		74DDA90FEEFA0BBCEF053ACF /* GitCapture.swift */ = {isa = PBXFileReference; lastKnownFileType = sourcecode.swift; path = GitCapture.swift; sourceTree = "<group>"; };
		7605591CD999D43F7A2A8EDB /* GeminiClient.swift */ = {isa = PBXFileReference; lastKnownFileType = sourcecode.swift; path = GeminiClient.swift; sourceTree = "<group>"; };
		798888136F3708A12FED1754 /* ChatView.swift */ = {isa = PBXFileReference; lastKnownFileType = sourcecode.swift; path = ChatView.swift; sourceTree = "<group>"; };
		87214B17B39813C77E861A0E /* HowToView.swift */ = {isa = PBXFileReference; lastKnownFileType = sourcecode.swift; path = HowToView.swift; sourceTree = "<group>"; };
		896FE25EBB3002E071FDB502 /* AuthService.swift */ = {isa = PBXFileReference; lastKnownFileType = sourcecode.swift; path = AuthService.swift; sourceTree = "<group>"; };
		8A850458E38A42D3EC0AC36E /* SpotlightView.swift */ = {isa = PBXFileReference; lastKnownFileType = sourcecode.swift; path = SpotlightView.swift; sourceTree = "<group>"; };
		8BB2028565B930F9D21DB217 /* AccessibilityTrust.swift */ = {isa = PBXFileReference; lastKnownFileType = sourcecode.swift; path = AccessibilityTrust.swift; sourceTree = "<group>"; };
		92021DBC0B300E353647494B /* AgentSpeaker.swift */ = {isa = PBXFileReference; lastKnownFileType = sourcecode.swift; path = AgentSpeaker.swift; sourceTree = "<group>"; };
		966AB7F69AC40F51B5F6BAF4 /* MenuBarManager.swift */ = {isa = PBXFileReference; lastKnownFileType = sourcecode.swift; path = MenuBarManager.swift; sourceTree = "<group>"; };
		9C798E0E3784C6EA4C77A040 /* AgentRunRecord.swift */ = {isa = PBXFileReference; lastKnownFileType = sourcecode.swift; path = AgentRunRecord.swift; sourceTree = "<group>"; };
		9D069FD433FB93CF0A1C66F4 /* AppRouter.swift */ = {isa = PBXFileReference; lastKnownFileType = sourcecode.swift; path = AppRouter.swift; sourceTree = "<group>"; };
		A53B4709739097B5B90B9F2A /* eshop.mp3 */ = {isa = PBXFileReference; lastKnownFileType = audio.mp3; path = eshop.mp3; sourceTree = "<group>"; };
		A83CA26F2BAB365699021951 /* ff.mp3 */ = {isa = PBXFileReference; lastKnownFileType = audio.mp3; path = ff.mp3; sourceTree = "<group>"; };
		A857297377C0AB44CC122EB5 /* en */ = {isa = PBXFileReference; lastKnownFileType = text.plist.strings; name = en; path = en.lproj/Localizable.strings; sourceTree = "<group>"; };
		B429B1D7864246CC84E65365 /* Redactor.swift */ = {isa = PBXFileReference; lastKnownFileType = sourcecode.swift; path = Redactor.swift; sourceTree = "<group>"; };
		BA4F50A5F9CAF8EB220F61B3 /* Color+Hex.swift */ = {isa = PBXFileReference; lastKnownFileType = sourcecode.swift; path = "Color+Hex.swift"; sourceTree = "<group>"; };
		BC5C15C17AE947AC0627405D /* Persistence.swift */ = {isa = PBXFileReference; lastKnownFileType = sourcecode.swift; path = Persistence.swift; sourceTree = "<group>"; };
		C2249AA5388624D12B6B6EF8 /* DoneBanner.swift */ = {isa = PBXFileReference; lastKnownFileType = sourcecode.swift; path = DoneBanner.swift; sourceTree = "<group>"; };
		CA5EE10DEB42E034DC91B4A2 /* EdgeGlow.swift */ = {isa = PBXFileReference; lastKnownFileType = sourcecode.swift; path = EdgeGlow.swift; sourceTree = "<group>"; };
		CE83920959D844A29A8407BB /* InjectionEngine.swift */ = {isa = PBXFileReference; lastKnownFileType = sourcecode.swift; path = InjectionEngine.swift; sourceTree = "<group>"; };
		D30E10DA1986A407F779FB78 /* AgentLoop.swift */ = {isa = PBXFileReference; lastKnownFileType = sourcecode.swift; path = AgentLoop.swift; sourceTree = "<group>"; };
		D6CA51D12EC02A6689DA2DD3 /* SpotlightCoordinator.swift */ = {isa = PBXFileReference; lastKnownFileType = sourcecode.swift; path = SpotlightCoordinator.swift; sourceTree = "<group>"; };
		B1BORDER002AGENTOVERLAY02 /* AgentControlBorderOverlay.swift */ = {isa = PBXFileReference; lastKnownFileType = sourcecode.swift; path = AgentControlBorderOverlay.swift; sourceTree = "<group>"; };
		DD7A7CCCA05D8FA32ACCFF72 /* FileWatcher.swift */ = {isa = PBXFileReference; lastKnownFileType = sourcecode.swift; path = FileWatcher.swift; sourceTree = "<group>"; };
		EA63356B176A586DBB19722B /* AgentStatusBus.swift */ = {isa = PBXFileReference; lastKnownFileType = sourcecode.swift; path = AgentStatusBus.swift; sourceTree = "<group>"; };
		EA70AFBD008C3F2AAAD3F4DA /* UILayout.swift */ = {isa = PBXFileReference; lastKnownFileType = sourcecode.swift; path = UILayout.swift; sourceTree = "<group>"; };
		EAAF5B9943A1B66D6FF4FB3C /* VoiceController.swift */ = {isa = PBXFileReference; lastKnownFileType = sourcecode.swift; path = VoiceController.swift; sourceTree = "<group>"; };
		EB347B68858B7CB3E1D8B5EF /* LaunchBlobsView.swift */ = {isa = PBXFileReference; lastKnownFileType = sourcecode.swift; path = LaunchBlobsView.swift; sourceTree = "<group>"; };
		F50F4661A7AA396F9B346E75 /* MicRecorder.swift */ = {isa = PBXFileReference; lastKnownFileType = sourcecode.swift; path = MicRecorder.swift; sourceTree = "<group>"; };
		F6234A70A69EA2C1F8DC069A /* URLSchemeHandler.swift */ = {isa = PBXFileReference; lastKnownFileType = sourcecode.swift; path = URLSchemeHandler.swift; sourceTree = "<group>"; };
		F82F492D381182E0EE2A44BA /* AppChromeBar.swift */ = {isa = PBXFileReference; lastKnownFileType = sourcecode.swift; path = AppChromeBar.swift; sourceTree = "<group>"; };
/* End PBXFileReference section */

/* Begin PBXGroup section */
		036364E1732DB97FB797FE10 /* Products */ = {
			isa = PBXGroup;
			children = (
				095CFAD5BC1ECC4B766B1FCA /* Ithuriel.app */,
			);
			name = Products;
			sourceTree = "<group>";
		};
		0DED38DF75FF369F8516A398 /* Injection */ = {
			isa = PBXGroup;
			children = (
				4427B751EB29646F6406CC73 /* AppDetector.swift */,
				CE83920959D844A29A8407BB /* InjectionEngine.swift */,
			);
			path = Injection;
			sourceTree = "<group>";
		};
		0F78ED7D9FB042EDB00D2F15 /* Voice */ = {
			isa = PBXGroup;
			children = (
				92021DBC0B300E353647494B /* AgentSpeaker.swift */,
				3EBEE8650545308064AC12A2 /* GoogleSpeech.swift */,
				F50F4661A7AA396F9B346E75 /* MicRecorder.swift */,
				EAAF5B9943A1B66D6FF4FB3C /* VoiceController.swift */,
			);
			path = Voice;
			sourceTree = "<group>";
		};
		312BF67C24D7F4D2C7937B68 /* UI */ = {
			isa = PBXGroup;
			children = (
				EA63356B176A586DBB19722B /* AgentStatusBus.swift */,
				F82F492D381182E0EE2A44BA /* AppChromeBar.swift */,
				7110B9703A844A2A9959E461 /* AsteriskBurst.swift */,
				798888136F3708A12FED1754 /* ChatView.swift */,
				2D44D95499CACE7017FC62EF /* ChatWindowController.swift */,
				BA4F50A5F9CAF8EB220F61B3 /* Color+Hex.swift */,
				5579BBE16D251774BB910528 /* ContextWebView.swift */,
				C2249AA5388624D12B6B6EF8 /* DoneBanner.swift */,
				CA5EE10DEB42E034DC91B4A2 /* EdgeGlow.swift */,
				46A558D5AC0692A4E0401F03 /* HotkeyMonitor.swift */,
				74CD44DEDFC7E2C7AAE649F1 /* LaunchBackdrop.swift */,
				EB347B68858B7CB3E1D8B5EF /* LaunchBlobsView.swift */,
				3684AD1E7C27E9AF7D7694AE /* LaunchOrb.swift */,
				55B951B012E95739BF6F355D /* LiquidGlass.swift */,
				14408B6A22B80B8942E8FC62 /* Motion.swift */,
				5CEBCABAF164410E96E13023 /* SoundPlayer.swift */,
				D6CA51D12EC02A6689DA2DD3 /* SpotlightCoordinator.swift */,
				B1BORDER002AGENTOVERLAY02 /* AgentControlBorderOverlay.swift */,
				8A850458E38A42D3EC0AC36E /* SpotlightView.swift */,
				EA70AFBD008C3F2AAAD3F4DA /* UILayout.swift */,
			);
			path = UI;
			sourceTree = "<group>";
		};
		337C54953DBE5B994E28B5FC /* Models */ = {
			isa = PBXGroup;
			children = (
				9C798E0E3784C6EA4C77A040 /* AgentRunRecord.swift */,
				2A94C526A79A76B3B2E19BA7 /* ContextSnapshot.swift */,
				BC5C15C17AE947AC0627405D /* Persistence.swift */,
				1DC48CB87E9887E0B8355C2B /* SavedAgentRun.swift */,
				6D1D911182FB411A12A15707 /* UserPrefs.swift */,
			);
			path = Models;
			sourceTree = "<group>";
		};
		4AB0BF95FF2F60CBFD1B18A3 = {
			isa = PBXGroup;
			children = (
				F97D5B80ABDF4D6C60C4B031 /* Ithuriel */,
				036364E1732DB97FB797FE10 /* Products */,
			);
			sourceTree = "<group>";
		};
		4AD3687E7698FF253AE2FE84 /* Views */ = {
			isa = PBXGroup;
			children = (
				87214B17B39813C77E861A0E /* HowToView.swift */,
				204BCCE55881BB7B32DFDA95 /* PermissionsSettingsSection.swift */,
				6C1F917DEA75F51337BC698C /* SettingsView.swift */,
			);
			path = Views;
			sourceTree = "<group>";
		};
		70613DDC5B1F17267DE2FF5F /* Capture */ = {
			isa = PBXGroup;
			children = (
				DD7A7CCCA05D8FA32ACCFF72 /* FileWatcher.swift */,
				74DDA90FEEFA0BBCEF053ACF /* GitCapture.swift */,
				58F5ED6887679899168B411A /* TerminalCapture.swift */,
				0B86EC4D31512E3212C6605C /* WorkspaceMonitor.swift */,
			);
			path = Capture;
			sourceTree = "<group>";
		};
		9B910E967291B0D57BD6783B /* Auth */ = {
			isa = PBXGroup;
			children = (
				896FE25EBB3002E071FDB502 /* AuthService.swift */,
				49D3581883E9C02A57988A5E /* Keychain.swift */,
				F6234A70A69EA2C1F8DC069A /* URLSchemeHandler.swift */,
			);
			path = Auth;
			sourceTree = "<group>";
		};
		BBD50167FBA53D9AD5E01A21 /* Privacy */ = {
			isa = PBXGroup;
			children = (
				8BB2028565B930F9D21DB217 /* AccessibilityTrust.swift */,
				73CFC650F9BC81C34306D128 /* PermissionsManager.swift */,
				B429B1D7864246CC84E65365 /* Redactor.swift */,
			);
			path = Privacy;
			sourceTree = "<group>";
		};
		C19CFC7FE32FF09C9C80BB2D /* Resources */ = {
			isa = PBXGroup;
			children = (
				213FC4849EF6E0119C1C147D /* Localizable.strings */,
				F9AD1299F3AA11A67D3EACA8 /* Sounds */,
			);
			path = Resources;
			sourceTree = "<group>";
		};
		D7595E5C04849BFF3D6D1982 /* Agent */ = {
			isa = PBXGroup;
			children = (
				D30E10DA1986A407F779FB78 /* AgentLoop.swift */,
				62F0DAD4ED5681A6BF676DE9 /* AgentTranscript.swift */,
				7605591CD999D43F7A2A8EDB /* GeminiClient.swift */,
				03F7F899D222D5F05BB333DD /* KillSwitch.swift */,
				74B07AA66411BAC8E55D2E12 /* ScreenCapture.swift */,
			);
			path = Agent;
			sourceTree = "<group>";
		};
		E317EF5674AE7A542E3ED59F /* AgentControl */ = {
			isa = PBXGroup;
			children = (
				03D95B4207C0A344197E2FF8 /* AgentController.swift */,
			);
			path = AgentControl;
			sourceTree = "<group>";
		};
		F48D9945266F8918669074E7 /* API */ = {
			isa = PBXGroup;
			children = (
				2162B4839D2F7A24D56EA4F3 /* IthurielClient.swift */,
			);
			path = API;
			sourceTree = "<group>";
		};
		F97D5B80ABDF4D6C60C4B031 /* Ithuriel */ = {
			isa = PBXGroup;
			children = (
				9D069FD433FB93CF0A1C66F4 /* AppRouter.swift */,
				516597D218E7C22D12578E08 /* IthurielApp.swift */,
				966AB7F69AC40F51B5F6BAF4 /* MenuBarManager.swift */,
				D7595E5C04849BFF3D6D1982 /* Agent */,
				E317EF5674AE7A542E3ED59F /* AgentControl */,
				F48D9945266F8918669074E7 /* API */,
				9B910E967291B0D57BD6783B /* Auth */,
				70613DDC5B1F17267DE2FF5F /* Capture */,
				0DED38DF75FF369F8516A398 /* Injection */,
				337C54953DBE5B994E28B5FC /* Models */,
				BBD50167FBA53D9AD5E01A21 /* Privacy */,
				C19CFC7FE32FF09C9C80BB2D /* Resources */,
				312BF67C24D7F4D2C7937B68 /* UI */,
				4AD3687E7698FF253AE2FE84 /* Views */,
				0F78ED7D9FB042EDB00D2F15 /* Voice */,
			);
			path = Ithuriel;
			sourceTree = "<group>";
		};
		F9AD1299F3AA11A67D3EACA8 /* Sounds */ = {
			isa = PBXGroup;
			children = (
				00D600D3F50336DBD3ADB46A /* agent-done.mp3 */,
				1892B9DF8E09632A6C7AC14F /* enter.mp3 */,
				A53B4709739097B5B90B9F2A /* eshop.mp3 */,
				A83CA26F2BAB365699021951 /* ff.mp3 */,
			);
			path = Sounds;
			sourceTree = "<group>";
		};
/* End PBXGroup section */

/* Begin PBXNativeTarget section */
		7F52065F8D1F03F90B1A2A11 /* Ithuriel */ = {
			isa = PBXNativeTarget;
			buildConfigurationList = FD894E0BCA8A5E6593D3779B /* Build configuration list for PBXNativeTarget "Ithuriel" */;
			buildPhases = (
				1E63A4B8F3C8C8078873CD6F /* Sources */,
				F0B4B9F2DB5BBF78B4D7D91F /* Resources */,
			);
			buildRules = (
			);
			dependencies = (
			);
			name = Ithuriel;
			packageProductDependencies = (
			);
			productName = Ithuriel;
			productReference = 095CFAD5BC1ECC4B766B1FCA /* Ithuriel.app */;
			productType = "com.apple.product-type.application";
		};
/* End PBXNativeTarget section */

/* Begin PBXProject section */
		CC3E13CA6AEE6201D189589D /* Project object */ = {
			isa = PBXProject;
			attributes = {
				BuildIndependentTargetsInParallel = YES;
				LastUpgradeCheck = 1430;
				TargetAttributes = {
					7F52065F8D1F03F90B1A2A11 = {
						ProvisioningStyle = Automatic;
					};
				};
			};
			buildConfigurationList = BC41F5ADA1B41394EA429F4D /* Build configuration list for PBXProject "Ithuriel" */;
			compatibilityVersion = "Xcode 14.0";
			developmentRegion = en;
			hasScannedForEncodings = 0;
			knownRegions = (
				Base,
				en,
			);
			mainGroup = 4AB0BF95FF2F60CBFD1B18A3;
			minimizedProjectReferenceProxies = 1;
			preferredProjectObjectVersion = 77;
			projectDirPath = "";
			projectRoot = "";
			targets = (
				7F52065F8D1F03F90B1A2A11 /* Ithuriel */,
			);
		};
/* End PBXProject section */

/* Begin PBXResourcesBuildPhase section */
		F0B4B9F2DB5BBF78B4D7D91F /* Resources */ = {
			isa = PBXResourcesBuildPhase;
			buildActionMask = 2147483647;
			files = (
				C271D9DEF081B17832502493 /* Localizable.strings in Resources */,
				F4E7879AA8C9815E2F84B2DD /* agent-done.mp3 in Resources */,
				486AF1900FDA6A9633F566DA /* enter.mp3 in Resources */,
				F659D4D08DAA44F4DA843FC1 /* eshop.mp3 in Resources */,
				B8BAF90709D1E2A59B4173B4 /* ff.mp3 in Resources */,
			);
			runOnlyForDeploymentPostprocessing = 0;
		};
/* End PBXResourcesBuildPhase section */

/* Begin PBXSourcesBuildPhase section */
		1E63A4B8F3C8C8078873CD6F /* Sources */ = {
			isa = PBXSourcesBuildPhase;
			buildActionMask = 2147483647;
			files = (
				730CDD59A3C26E52C6330BAD /* AccessibilityTrust.swift in Sources */,
				6288D7616BB488699A9C0430 /* AgentController.swift in Sources */,
				8D6EB1CF9D50153BDE9DEE2B /* AgentLoop.swift in Sources */,
				570CC50826C4531AA41CB8D7 /* AgentRunRecord.swift in Sources */,
				CD6F7F71367B04A8F2EE3062 /* AgentSpeaker.swift in Sources */,
				66A1A7C987ECF9B8642C12F5 /* AgentStatusBus.swift in Sources */,
				6BCF97A573F34542C6C3E33E /* AgentTranscript.swift in Sources */,
				4B7D2F709EF153B7ED5B02FD /* AppChromeBar.swift in Sources */,
				A6F04F6D57B4B795338C803E /* AppDetector.swift in Sources */,
				00EA6FB58CBBC50057F4A2E2 /* AppRouter.swift in Sources */,
				7EC3FC0FDAC18532A87F1334 /* AsteriskBurst.swift in Sources */,
				E9F04B3AEADA318B6B2D2A17 /* AuthService.swift in Sources */,
				6A1C471A1484B83750B34683 /* ChatView.swift in Sources */,
				F71825B6A0F4DCCB026790AC /* ChatWindowController.swift in Sources */,
				396F086C0CF63D9C88BD8EBF /* Color+Hex.swift in Sources */,
				B22DB30C0205989F22BCC49D /* ContextSnapshot.swift in Sources */,
				CB29A29CEB8BCFF86588FA31 /* ContextWebView.swift in Sources */,
				212D2A651EE045225234EB43 /* DoneBanner.swift in Sources */,
				0FE0B2203DA64B33E546F393 /* EdgeGlow.swift in Sources */,
				431D33E93EAB2E0D5463F2B0 /* FileWatcher.swift in Sources */,
				D5C80F99F2F9760EC50E8ADD /* GeminiClient.swift in Sources */,
				E5564585037A8ACAD2420E2B /* GitCapture.swift in Sources */,
				06AE543DAA319B00BE8C1835 /* GoogleSpeech.swift in Sources */,
				7FE425BB03C9EE26996B9A0D /* HotkeyMonitor.swift in Sources */,
				BDCE41B20B1175357C14EB7A /* HowToView.swift in Sources */,
				AD5E4DD4683664E7683BC63C /* InjectionEngine.swift in Sources */,
				E772905ED016CCA710DAC228 /* IthurielApp.swift in Sources */,
				9D718FBB11CFE75B34289AC2 /* IthurielClient.swift in Sources */,
				9D4AE20CAC9E160F7BFED031 /* Keychain.swift in Sources */,
				3BB6461F7E4FBB67EABFD789 /* KillSwitch.swift in Sources */,
				183431CEFA7E4D97C53952BD /* LaunchBackdrop.swift in Sources */,
				349BC74CF7EC0967C6ABF46F /* LaunchBlobsView.swift in Sources */,
				5EF8A633E3739EACF8A7AB57 /* LaunchOrb.swift in Sources */,
				59D4D1B52862A61B669C7190 /* LiquidGlass.swift in Sources */,
				D44A7296D30208A351C740AA /* MenuBarManager.swift in Sources */,
				69DA4103FF8B524F99DD5A3B /* MicRecorder.swift in Sources */,
				F5390D45F895BA4FCA73E957 /* Motion.swift in Sources */,
				F101DBE84B21CD8128C0990E /* PermissionsManager.swift in Sources */,
				B4FFE4F7119A81B820C365C1 /* PermissionsSettingsSection.swift in Sources */,
				9C7EB764461F745FCFEA50D4 /* Persistence.swift in Sources */,
				BC8742C2EBF128C647AB3CBB /* Redactor.swift in Sources */,
				D730631EF80DDE18DA68EE24 /* SavedAgentRun.swift in Sources */,
				D0C7891A616611BFAB3B470B /* ScreenCapture.swift in Sources */,
				FA0ACE05EB5C7AE650F3895D /* SettingsView.swift in Sources */,
				29608578BC11AD2752CC40FD /* SoundPlayer.swift in Sources */,
				A2B1D919BDF0E42E495A0144 /* SpotlightCoordinator.swift in Sources */,
				B1BORDER001AGENTOVERLAY01 /* AgentControlBorderOverlay.swift in Sources */,
				50349A6F36C24EDB38724B12 /* SpotlightView.swift in Sources */,
				D827B5DBFBA89E10885C49E2 /* TerminalCapture.swift in Sources */,
				0A5836A5A1F3DA8300E3D733 /* UILayout.swift in Sources */,
				98F80AC02738D49704B857B9 /* URLSchemeHandler.swift in Sources */,
				9EFE39CA017033BEDE3733F1 /* UserPrefs.swift in Sources */,
				056B4D47D1554F9644B01567 /* VoiceController.swift in Sources */,
				5FB2A16A6428C4D798D7EBA0 /* WorkspaceMonitor.swift in Sources */,
			);
			runOnlyForDeploymentPostprocessing = 0;
		};
/* End PBXSourcesBuildPhase section */

/* Begin PBXVariantGroup section */
		213FC4849EF6E0119C1C147D /* Localizable.strings */ = {
			isa = PBXVariantGroup;
			children = (
				A857297377C0AB44CC122EB5 /* en */,
			);
			name = Localizable.strings;
			sourceTree = "<group>";
		};
/* End PBXVariantGroup section */

/* Begin XCBuildConfiguration section */
		1E45FAA7B3784BCF2D3794CD /* Debug */ = {
			isa = XCBuildConfiguration;
			buildSettings = {
				ALWAYS_SEARCH_USER_PATHS = NO;
				CLANG_ANALYZER_NONNULL = YES;
				CLANG_ANALYZER_NUMBER_OBJECT_CONVERSION = YES_AGGRESSIVE;
				CLANG_CXX_LANGUAGE_STANDARD = "gnu++14";
				CLANG_CXX_LIBRARY = "libc++";
				CLANG_ENABLE_MODULES = YES;
				CLANG_ENABLE_OBJC_ARC = YES;
				CLANG_ENABLE_OBJC_WEAK = YES;
				CLANG_WARN_BLOCK_CAPTURE_AUTORELEASING = YES;
				CLANG_WARN_BOOL_CONVERSION = YES;
				CLANG_WARN_COMMA = YES;
				CLANG_WARN_CONSTANT_CONVERSION = YES;
				CLANG_WARN_DEPRECATED_OBJC_IMPLEMENTATIONS = YES;
				CLANG_WARN_DIRECT_OBJC_ISA_USAGE = YES_ERROR;
				CLANG_WARN_DOCUMENTATION_COMMENTS = YES;
				CLANG_WARN_EMPTY_BODY = YES;
				CLANG_WARN_ENUM_CONVERSION = YES;
				CLANG_WARN_INFINITE_RECURSION = YES;
				CLANG_WARN_INT_CONVERSION = YES;
				CLANG_WARN_NON_LITERAL_NULL_CONVERSION = YES;
				CLANG_WARN_OBJC_IMPLICIT_RETAIN_SELF = YES;
				CLANG_WARN_OBJC_LITERAL_CONVERSION = YES;
				CLANG_WARN_OBJC_ROOT_CLASS = YES_ERROR;
				CLANG_WARN_QUOTED_INCLUDE_IN_FRAMEWORK_HEADER = YES;
				CLANG_WARN_RANGE_LOOP_ANALYSIS = YES;
				CLANG_WARN_STRICT_PROTOTYPES = YES;
				CLANG_WARN_SUSPICIOUS_MOVE = YES;
				CLANG_WARN_UNGUARDED_AVAILABILITY = YES_AGGRESSIVE;
				CLANG_WARN_UNREACHABLE_CODE = YES;
				CLANG_WARN__DUPLICATE_METHOD_MATCH = YES;
				CODE_SIGN_IDENTITY = "-";
				CODE_SIGN_STYLE = Automatic;
				COPY_PHASE_STRIP = NO;
				CURRENT_PROJECT_VERSION = 1;
				DEBUG_INFORMATION_FORMAT = dwarf;
				ENABLE_HARDENED_RUNTIME = YES;
				ENABLE_STRICT_OBJC_MSGSEND = YES;
				ENABLE_TESTABILITY = YES;
				GCC_C_LANGUAGE_STANDARD = gnu11;
				GCC_DYNAMIC_NO_PIC = NO;
				GCC_NO_COMMON_BLOCKS = YES;
				GCC_OPTIMIZATION_LEVEL = 0;
				GCC_PREPROCESSOR_DEFINITIONS = (
					"$(inherited)",
					"DEBUG=1",
				);
				GCC_WARN_64_TO_32_BIT_CONVERSION = YES;
				GCC_WARN_ABOUT_RETURN_TYPE = YES_ERROR;
				GCC_WARN_UNDECLARED_SELECTOR = YES;
				GCC_WARN_UNINITIALIZED_AUTOS = YES_AGGRESSIVE;
				GCC_WARN_UNUSED_FUNCTION = YES;
				GCC_WARN_UNUSED_VARIABLE = YES;
				MACOSX_DEPLOYMENT_TARGET = 14.0;
				MARKETING_VERSION = 0.1.0;
				MTL_ENABLE_DEBUG_INFO = INCLUDE_SOURCE;
				MTL_FAST_MATH = YES;
				ONLY_ACTIVE_ARCH = YES;
				PRODUCT_NAME = "$(TARGET_NAME)";
				SDKROOT = macosx;
				SWIFT_ACTIVE_COMPILATION_CONDITIONS = DEBUG;
				SWIFT_OPTIMIZATION_LEVEL = "-Onone";
				SWIFT_VERSION = 5.9;
			};
			name = Debug;
		};
		505FC53233FE1F84BEDB7854 /* Debug */ = {
			isa = XCBuildConfiguration;
			buildSettings = {
				ASSETCATALOG_COMPILER_APPICON_NAME = AppIcon;
				CODE_SIGN_ENTITLEMENTS = Ithuriel/Resources/Ithuriel.entitlements;
				COMBINE_HIDPI_IMAGES = YES;
				GENERATE_INFOPLIST_FILE = NO;
				INFOPLIST_FILE = Ithuriel/Resources/Info.plist;
				LD_RUNPATH_SEARCH_PATHS = (
					"$(inherited)",
					"@executable_path/../Frameworks",
				);
				PRODUCT_BUNDLE_IDENTIFIER = dev.ithuriel.agent;
				PRODUCT_NAME = Ithuriel;
				SDKROOT = macosx;
			};
			name = Debug;
		};
		55F83A02224099AAB1518C27 /* Release */ = {
			isa = XCBuildConfiguration;
			buildSettings = {
				ASSETCATALOG_COMPILER_APPICON_NAME = AppIcon;
				CODE_SIGN_ENTITLEMENTS = Ithuriel/Resources/Ithuriel.entitlements;
				COMBINE_HIDPI_IMAGES = YES;
				GENERATE_INFOPLIST_FILE = NO;
				INFOPLIST_FILE = Ithuriel/Resources/Info.plist;
				LD_RUNPATH_SEARCH_PATHS = (
					"$(inherited)",
					"@executable_path/../Frameworks",
				);
				PRODUCT_BUNDLE_IDENTIFIER = dev.ithuriel.agent;
				PRODUCT_NAME = Ithuriel;
				SDKROOT = macosx;
			};
			name = Release;
		};
		8356789062C51D7C713F44CB /* Release */ = {
			isa = XCBuildConfiguration;
			buildSettings = {
				ALWAYS_SEARCH_USER_PATHS = NO;
				CLANG_ANALYZER_NONNULL = YES;
				CLANG_ANALYZER_NUMBER_OBJECT_CONVERSION = YES_AGGRESSIVE;
				CLANG_CXX_LANGUAGE_STANDARD = "gnu++14";
				CLANG_CXX_LIBRARY = "libc++";
				CLANG_ENABLE_MODULES = YES;
				CLANG_ENABLE_OBJC_ARC = YES;
				CLANG_ENABLE_OBJC_WEAK = YES;
				CLANG_WARN_BLOCK_CAPTURE_AUTORELEASING = YES;
				CLANG_WARN_BOOL_CONVERSION = YES;
				CLANG_WARN_COMMA = YES;
				CLANG_WARN_CONSTANT_CONVERSION = YES;
				CLANG_WARN_DEPRECATED_OBJC_IMPLEMENTATIONS = YES;
				CLANG_WARN_DIRECT_OBJC_ISA_USAGE = YES_ERROR;
				CLANG_WARN_DOCUMENTATION_COMMENTS = YES;
				CLANG_WARN_EMPTY_BODY = YES;
				CLANG_WARN_ENUM_CONVERSION = YES;
				CLANG_WARN_INFINITE_RECURSION = YES;
				CLANG_WARN_INT_CONVERSION = YES;
				CLANG_WARN_NON_LITERAL_NULL_CONVERSION = YES;
				CLANG_WARN_OBJC_IMPLICIT_RETAIN_SELF = YES;
				CLANG_WARN_OBJC_LITERAL_CONVERSION = YES;
				CLANG_WARN_OBJC_ROOT_CLASS = YES_ERROR;
				CLANG_WARN_QUOTED_INCLUDE_IN_FRAMEWORK_HEADER = YES;
				CLANG_WARN_RANGE_LOOP_ANALYSIS = YES;
				CLANG_WARN_STRICT_PROTOTYPES = YES;
				CLANG_WARN_SUSPICIOUS_MOVE = YES;
				CLANG_WARN_UNGUARDED_AVAILABILITY = YES_AGGRESSIVE;
				CLANG_WARN_UNREACHABLE_CODE = YES;
				CLANG_WARN__DUPLICATE_METHOD_MATCH = YES;
				CODE_SIGN_IDENTITY = "-";
				CODE_SIGN_STYLE = Automatic;
				COPY_PHASE_STRIP = NO;
				CURRENT_PROJECT_VERSION = 1;
				DEBUG_INFORMATION_FORMAT = "dwarf-with-dsym";
				ENABLE_HARDENED_RUNTIME = YES;
				ENABLE_NS_ASSERTIONS = NO;
				ENABLE_STRICT_OBJC_MSGSEND = YES;
				GCC_C_LANGUAGE_STANDARD = gnu11;
				GCC_NO_COMMON_BLOCKS = YES;
				GCC_WARN_64_TO_32_BIT_CONVERSION = YES;
				GCC_WARN_ABOUT_RETURN_TYPE = YES_ERROR;
				GCC_WARN_UNDECLARED_SELECTOR = YES;
				GCC_WARN_UNINITIALIZED_AUTOS = YES_AGGRESSIVE;
				GCC_WARN_UNUSED_FUNCTION = YES;
				GCC_WARN_UNUSED_VARIABLE = YES;
				MACOSX_DEPLOYMENT_TARGET = 14.0;
				MARKETING_VERSION = 0.1.0;
				MTL_ENABLE_DEBUG_INFO = NO;
				MTL_FAST_MATH = YES;
				PRODUCT_NAME = "$(TARGET_NAME)";
				SDKROOT = macosx;
				SWIFT_COMPILATION_MODE = wholemodule;
				SWIFT_OPTIMIZATION_LEVEL = "-O";
				SWIFT_VERSION = 5.9;
			};
			name = Release;
		};
/* End XCBuildConfiguration section */

/* Begin XCConfigurationList section */
		BC41F5ADA1B41394EA429F4D /* Build configuration list for PBXProject "Ithuriel" */ = {
			isa = XCConfigurationList;
			buildConfigurations = (
				1E45FAA7B3784BCF2D3794CD /* Debug */,
				8356789062C51D7C713F44CB /* Release */,
			);
			defaultConfigurationIsVisible = 0;
			defaultConfigurationName = Debug;
		};
		FD894E0BCA8A5E6593D3779B /* Build configuration list for PBXNativeTarget "Ithuriel" */ = {
			isa = XCConfigurationList;
			buildConfigurations = (
				505FC53233FE1F84BEDB7854 /* Debug */,
				55F83A02224099AAB1518C27 /* Release */,
			);
			defaultConfigurationIsVisible = 0;
			defaultConfigurationName = Debug;
		};
/* End XCConfigurationList section */
	};
	rootObject = CC3E13CA6AEE6201D189589D /* Project object */;
}
